
Microsoft Visual Studio Solution File, Format Version 12.00
# Visual Studio Version 17
VisualStudioVersion = 17.9.34723.18
MinimumVisualStudioVersion = 10.0.40219.1
Project("{FAE04EC0-301F-11D3-BF4B-00C04F79EFBC}") = "AutomationWorkshop", "AutomationWorkshop.csproj", "{A3FD1CF2-CE9F-49C0-A862-660E7539714B}"
EndProject
Global
	GlobalSection(SolutionConfigurationPlatforms) = preSolution
		Debug|Any CPU = Debug|Any CPU
		Release|Any CPU = Release|Any CPU
	EndGlobalSection
	GlobalSection(ProjectConfigurationPlatforms) = postSolution
		{A3FD1CF2-CE9F-49C0-A862-660E7539714B}.Debug|Any CPU.ActiveCfg = Debug|Any CPU
		{A3FD1CF2-CE9F-49C0-A862-660E7539714B}.Debug|Any CPU.Build.0 = Debug|Any CPU
		{A3FD1CF2-CE9F-49C0-A862-660E7539714B}.Release|Any CPU.ActiveCfg = Release|Any CPU
		{A3FD1CF2-CE9F-49C0-A862-660E7539714B}.Release|Any CPU.Build.0 = Release|Any CPU
	EndGlobalSection
	GlobalSection(SolutionProperties) = preSolution
		HideSolutionNode = FALSE
	EndGlobalSection
	GlobalSection(ExtensibilityGlobals) = postSolution
		SolutionGuid = {A17BB469-772B-40A9-9BB7-8B61EF9CAFAF}
	EndGlobalSection
EndGlobal
